
Microsoft Visual Studio Solution File, Format Version 12.00
# Visual Studio 15
VisualStudioVersion = 15.0.27130.2024
MinimumVisualStudioVersion = 10.0.40219.1
Project("{FAE04EC0-301F-11D3-BF4B-00C04F79EFBC}") = "Shift", "Shift\Shift.csproj", "{FC1556DB-8EDC-4E2D-83D6-C8EFA1EF74D8}"
EndProject
Project("{FAE04EC0-301F-11D3-BF4B-00C04F79EFBC}") = "Vis_project_library", "Vis_project_library\Vis_project_library.csproj", "{E875D7A8-E2D8-47C2-954A-5F65F4C1BF1C}"
EndProject
Project("{FAE04EC0-301F-11D3-BF4B-00C04F79EFBC}") = "Vis_project_web", "Vis_project_web\Vis_project_web.csproj", "{DA295B3A-D70A-4EBD-9305-316F6CA7FF5B}"
EndProject
Global
	GlobalSection(SolutionConfigurationPlatforms) = preSolution
		Debug|Any CPU = Debug|Any CPU
		Release|Any CPU = Release|Any CPU
	EndGlobalSection
	GlobalSection(ProjectConfigurationPlatforms) = postSolution
		{FC1556DB-8EDC-4E2D-83D6-C8EFA1EF74D8}.Debug|Any CPU.ActiveCfg = Debug|Any CPU
		{FC1556DB-8EDC-4E2D-83D6-C8EFA1EF74D8}.Debug|Any CPU.Build.0 = Debug|Any CPU
		{FC1556DB-8EDC-4E2D-83D6-C8EFA1EF74D8}.Release|Any CPU.ActiveCfg = Release|Any CPU
		{FC1556DB-8EDC-4E2D-83D6-C8EFA1EF74D8}.Release|Any CPU.Build.0 = Release|Any CPU
		{E875D7A8-E2D8-47C2-954A-5F65F4C1BF1C}.Debug|Any CPU.ActiveCfg = Debug|Any CPU
		{E875D7A8-E2D8-47C2-954A-5F65F4C1BF1C}.Debug|Any CPU.Build.0 = Debug|Any CPU
		{E875D7A8-E2D8-47C2-954A-5F65F4C1BF1C}.Release|Any CPU.ActiveCfg = Release|Any CPU
		{E875D7A8-E2D8-47C2-954A-5F65F4C1BF1C}.Release|Any CPU.Build.0 = Release|Any CPU
		{DA295B3A-D70A-4EBD-9305-316F6CA7FF5B}.Debug|Any CPU.ActiveCfg = Debug|Any CPU
		{DA295B3A-D70A-4EBD-9305-316F6CA7FF5B}.Debug|Any CPU.Build.0 = Debug|Any CPU
		{DA295B3A-D70A-4EBD-9305-316F6CA7FF5B}.Release|Any CPU.ActiveCfg = Release|Any CPU
		{DA295B3A-D70A-4EBD-9305-316F6CA7FF5B}.Release|Any CPU.Build.0 = Release|Any CPU
	EndGlobalSection
	GlobalSection(SolutionProperties) = preSolution
		HideSolutionNode = FALSE
	EndGlobalSection
	GlobalSection(ExtensibilityGlobals) = postSolution
		SolutionGuid = {6E6D1721-93C8-43E3-A60E-E083AA7CAEC0}
	EndGlobalSection
EndGlobal
